// !$*UTF8*$!
{
	archiveVersion = 1;
	classes = {
	};
	objectVersion = 46;
	objects = {

/* Begin PBXBuildFile section */
		458C95C31881543200358D9F /* Foundation.framework in Frameworks */ = {isa = PBXBuildFile; fileRef = 458C95C21881543200358D9F /* Foundation.framework */; };
		458C95C51881543200358D9F /* CoreGraphics.framework in Frameworks */ = {isa = PBXBuildFile; fileRef = 458C95C41881543200358D9F /* CoreGraphics.framework */; };
		458C95C71881543200358D9F /* UIKit.framework in Frameworks */ = {isa = PBXBuildFile; fileRef = 458C95C61881543200358D9F /* UIKit.framework */; };
		458C95CD1881543200358D9F /* InfoPlist.strings in Resources */ = {isa = PBXBuildFile; fileRef = 458C95CB1881543200358D9F /* InfoPlist.strings */; };
		458C95CF1881543200358D9F /* main.m in Sources */ = {isa = PBXBuildFile; fileRef = 458C95CE1881543200358D9F /* main.m */; };
		458C95D31881543200358D9F /* AppDelegate.m in Sources */ = {isa = PBXBuildFile; fileRef = 458C95D21881543200358D9F /* AppDelegate.m */; };
		458C95D51881543200358D9F /* Images.xcassets in Resources */ = {isa = PBXBuildFile; fileRef = 458C95D41881543200358D9F /* Images.xcassets */; };
		458C95DC1881543200358D9F /* XCTest.framework in Frameworks */ = {isa = PBXBuildFile; fileRef = 458C95DB1881543200358D9F /* XCTest.framework */; };
		458C95DD1881543200358D9F /* Foundation.framework in Frameworks */ = {isa = PBXBuildFile; fileRef = 458C95C21881543200358D9F /* Foundation.framework */; };
		458C95DE1881543200358D9F /* UIKit.framework in Frameworks */ = {isa = PBXBuildFile; fileRef = 458C95C61881543200358D9F /* UIKit.framework */; };
		458C95E61881543200358D9F /* InfoPlist.strings in Resources */ = {isa = PBXBuildFile; fileRef = 458C95E41881543200358D9F /* InfoPlist.strings */; };
		458C95E81881543200358D9F /* DKNewsViewControllerTests.m in Sources */ = {isa = PBXBuildFile; fileRef = 458C95E71881543200358D9F /* DKNewsViewControllerTests.m */; };
/* End PBXBuildFile section */

/* Begin PBXContainerItemProxy section */
		458C95DF1881543200358D9F /* PBXContainerItemProxy */ = {
			isa = PBXContainerItemProxy;
			containerPortal = 458C95B71881543200358D9F /* Project object */;
			proxyType = 1;
			remoteGlobalIDString = 458C95BE1881543200358D9F;
			remoteInfo = DKNewsViewController;
		};
/* End PBXContainerItemProxy section */

/* Begin PBXFileReference section */
		458C95BF1881543200358D9F /* DKNewsViewController.app */ = {isa = PBXFileReference; explicitFileType = wrapper.application; includeInIndex = 0; path = DKNewsViewController.app; sourceTree = BUILT_PRODUCTS_DIR; };
		458C95C21881543200358D9F /* Foundation.framework */ = {isa = PBXFileReference; lastKnownFileType = wrapper.framework; name = Foundation.framework; path = System/Library/Frameworks/Foundation.framework; sourceTree = SDKROOT; };
		458C95C41881543200358D9F /* CoreGraphics.framework */ = {isa = PBXFileReference; lastKnownFileType = wrapper.framework; name = CoreGraphics.framework; path = System/Library/Frameworks/CoreGraphics.framework; sourceTree = SDKROOT; };
		458C95C61881543200358D9F /* UIKit.framework */ = {isa = PBXFileReference; lastKnownFileType = wrapper.framework; name = UIKit.framework; path = System/Library/Frameworks/UIKit.framework; sourceTree = SDKROOT; };
		458C95CA1881543200358D9F /* DKNewsViewController-Info.plist */ = {isa = PBXFileReference; lastKnownFileType = text.plist.xml; path = "DKNewsViewController-Info.plist"; sourceTree = "<group>"; };
		458C95CC1881543200358D9F /* en */ = {isa = PBXFileReference; lastKnownFileType = text.plist.strings; name = en; path = en.lproj/InfoPlist.strings; sourceTree = "<group>"; };
		458C95CE1881543200358D9F /* main.m */ = {isa = PBXFileReference; lastKnownFileType = sourcecode.c.objc; path = main.m; sourceTree = "<group>"; };
		458C95D01881543200358D9F /* DKNewsViewController-Prefix.pch */ = {isa = PBXFileReference; lastKnownFileType = sourcecode.c.h; path = "DKNewsViewController-Prefix.pch"; sourceTree = "<group>"; };
		458C95D11881543200358D9F /* AppDelegate.h */ = {isa = PBXFileReference; lastKnownFileType = sourcecode.c.h; path = AppDelegate.h; sourceTree = "<group>"; };
		458C95D21881543200358D9F /* AppDelegate.m */ = {isa = PBXFileReference; lastKnownFileType = sourcecode.c.objc; path = AppDelegate.m; sourceTree = "<group>"; };
		458C95D41881543200358D9F /* Images.xcassets */ = {isa = PBXFileReference; lastKnownFileType = folder.assetcatalog; path = Images.xcassets; sourceTree = "<group>"; };
		458C95DA1881543200358D9F /* DKNewsViewControllerTests.xctest */ = {isa = PBXFileReference; explicitFileType = wrapper.cfbundle; includeInIndex = 0; path = DKNewsViewControllerTests.xctest; sourceTree = BUILT_PRODUCTS_DIR; };
		458C95DB1881543200358D9F /* XCTest.framework */ = {isa = PBXFileReference; lastKnownFileType = wrapper.framework; name = XCTest.framework; path = Library/Frameworks/XCTest.framework; sourceTree = DEVELOPER_DIR; };
		458C95E31881543200358D9F /* DKNewsViewControllerTests-Info.plist */ = {isa = PBXFileReference; lastKnownFileType = text.plist.xml; path = "DKNewsViewControllerTests-Info.plist"; sourceTree = "<group>"; };
		458C95E51881543200358D9F /* en */ = {isa = PBXFileReference; lastKnownFileType = text.plist.strings; name = en; path = en.lproj/InfoPlist.strings; sourceTree = "<group>"; };
		458C95E71881543200358D9F /* DKNewsViewControllerTests.m */ = {isa = PBXFileReference; lastKnownFileType = sourcecode.c.objc; path = DKNewsViewControllerTests.m; sourceTree = "<group>"; };
/* End PBXFileReference section */

/* Begin PBXFrameworksBuildPhase section */
		458C95BC1881543200358D9F /* Frameworks */ = {
			isa = PBXFrameworksBuildPhase;
			buildActionMask = 2147483647;
			files = (
				458C95C51881543200358D9F /* CoreGraphics.framework in Frameworks */,
				458C95C71881543200358D9F /* UIKit.framework in Frameworks */,
				458C95C31881543200358D9F /* Foundation.framework in Frameworks */,
			);
			runOnlyForDeploymentPostprocessing = 0;
		};
		458C95D71881543200358D9F /* Frameworks */ = {
			isa = PBXFrameworksBuildPhase;
			buildActionMask = 2147483647;
			files = (
				458C95DC1881543200358D9F /* XCTest.framework in Frameworks */,
				458C95DE1881543200358D9F /* UIKit.framework in Frameworks */,
				458C95DD1881543200358D9F /* Foundation.framework in Frameworks */,
			);
			runOnlyForDeploymentPostprocessing = 0;
		};
/* End PBXFrameworksBuildPhase section */

/* Begin PBXGroup section */
		458C95B61881543200358D9F = {
			isa = PBXGroup;
			children = (
				458C95C81881543200358D9F /* DKNewsViewController */,
				458C95E11881543200358D9F /* DKNewsViewControllerTests */,
				458C95C11881543200358D9F /* Frameworks */,
				458C95C01881543200358D9F /* Products */,
			);
			sourceTree = "<group>";
		};
		458C95C01881543200358D9F /* Products */ = {
			isa = PBXGroup;
			children = (
				458C95BF1881543200358D9F /* DKNewsViewController.app */,
				458C95DA1881543200358D9F /* DKNewsViewControllerTests.xctest */,
			);
			name = Products;
			sourceTree = "<group>";
		};
		458C95C11881543200358D9F /* Frameworks */ = {
			isa = PBXGroup;
			children = (
				458C95C21881543200358D9F /* Foundation.framework */,
				458C95C41881543200358D9F /* CoreGraphics.framework */,
				458C95C61881543200358D9F /* UIKit.framework */,
				458C95DB1881543200358D9F /* XCTest.framework */,
			);
			name = Frameworks;
			sourceTree = "<group>";
		};
		458C95C81881543200358D9F /* DKNewsViewController */ = {
			isa = PBXGroup;
			children = (
				458C95D11881543200358D9F /* AppDelegate.h */,
				458C95D21881543200358D9F /* AppDelegate.m */,
				458C95D41881543200358D9F /* Images.xcassets */,
				458C95C91881543200358D9F /* Supporting Files */,
			);
			path = DKNewsViewController;
			sourceTree = "<group>";
		};
		458C95C91881543200358D9F /* Supporting Files */ = {
			isa = PBXGroup;
			children = (
				458C95CA1881543200358D9F /* DKNewsViewController-Info.plist */,
				458C95CB1881543200358D9F /* InfoPlist.strings */,
				458C95CE1881543200358D9F /* main.m */,
				458C95D01881543200358D9F /* DKNewsViewController-Prefix.pch */,
			);
			name = "Supporting Files";
			sourceTree = "<group>";
		};
		458C95E11881543200358D9F /* DKNewsViewControllerTests */ = {
			isa = PBXGroup;
			children = (
				458C95E71881543200358D9F /* DKNewsViewControllerTests.m */,
				458C95E21881543200358D9F /* Supporting Files */,
			);
			path = DKNewsViewControllerTests;
			sourceTree = "<group>";
		};
		458C95E21881543200358D9F /* Supporting Files */ = {
			isa = PBXGroup;
			children = (
				458C95E31881543200358D9F /* DKNewsViewControllerTests-Info.plist */,
				458C95E41881543200358D9F /* InfoPlist.strings */,
			);
			name = "Supporting Files";
			sourceTree = "<group>";
		};
/* End PBXGroup section */

/* Begin PBXNativeTarget section */
		458C95BE1881543200358D9F /* DKNewsViewController */ = {
			isa = PBXNativeTarget;
			buildConfigurationList = 458C95EB1881543200358D9F /* Build configuration list for PBXNativeTarget "DKNewsViewController" */;
			buildPhases = (
				458C95BB1881543200358D9F /* Sources */,
				458C95BC1881543200358D9F /* Frameworks */,
				458C95BD1881543200358D9F /* Resources */,
			);
			buildRules = (
			);
			dependencies = (
			);
			name = DKNewsViewController;
			productName = DKNewsViewController;
			productReference = 458C95BF1881543200358D9F /* DKNewsViewController.app */;
			productType = "com.apple.product-type.application";
		};
		458C95D91881543200358D9F /* DKNewsViewControllerTests */ = {
			isa = PBXNativeTarget;
			buildConfigurationList = 458C95EE1881543200358D9F /* Build configuration list for PBXNativeTarget "DKNewsViewControllerTests" */;
			buildPhases = (
				458C95D61881543200358D9F /* Sources */,
				458C95D71881543200358D9F /* Frameworks */,
				458C95D81881543200358D9F /* Resources */,
			);
			buildRules = (
			);
			dependencies = (
				458C95E01881543200358D9F /* PBXTargetDependency */,
			);
			name = DKNewsViewControllerTests;
			productName = DKNewsViewControllerTests;
			productReference = 458C95DA1881543200358D9F /* DKNewsViewControllerTests.xctest */;
			productType = "com.apple.product-type.bundle.unit-test";
		};
/* End PBXNativeTarget section */

/* Begin PBXProject section */
		458C95B71881543200358D9F /* Project object */ = {
			isa = PBXProject;
			attributes = {
				LastUpgradeCheck = 0500;
				ORGANIZATIONNAME = "Sokrates Bousios";
				TargetAttributes = {
					458C95D91881543200358D9F = {
						TestTargetID = 458C95BE1881543200358D9F;
					};
				};
			};
			buildConfigurationList = 458C95BA1881543200358D9F /* Build configuration list for PBXProject "DKNewsViewController" */;
			compatibilityVersion = "Xcode 3.2";
			developmentRegion = English;
			hasScannedForEncodings = 0;
			knownRegions = (
				en,
			);
			mainGroup = 458C95B61881543200358D9F;
			productRefGroup = 458C95C01881543200358D9F /* Products */;
			projectDirPath = "";
			projectRoot = "";
			targets = (
				458C95BE1881543200358D9F /* DKNewsViewController */,
				458C95D91881543200358D9F /* DKNewsViewControllerTests */,
			);
		};
/* End PBXProject section */

/* Begin PBXResourcesBuildPhase section */
		458C95BD1881543200358D9F /* Resources */ = {
			isa = PBXResourcesBuildPhase;
			buildActionMask = 2147483647;
			files = (
				458C95CD1881543200358D9F /* InfoPlist.strings in Resources */,
				458C95D51881543200358D9F /* Images.xcassets in Resources */,
			);
			runOnlyForDeploymentPostprocessing = 0;
		};
		458C95D81881543200358D9F /* Resources */ = {
			isa = PBXResourcesBuildPhase;
			buildActionMask = 2147483647;
			files = (
				458C95E61881543200358D9F /* InfoPlist.strings in Resources */,
			);
			runOnlyForDeploymentPostprocessing = 0;
		};
/* End PBXResourcesBuildPhase section */

/* Begin PBXSourcesBuildPhase section */
		458C95BB1881543200358D9F /* Sources */ = {
			isa = PBXSourcesBuildPhase;
			buildActionMask = 2147483647;
			files = (
				458C95D31881543200358D9F /* AppDelegate.m in Sources */,
				458C95CF1881543200358D9F /* main.m in Sources */,
			);
			runOnlyForDeploymentPostprocessing = 0;
		};
		458C95D61881543200358D9F /* Sources */ = {
			isa = PBXSourcesBuildPhase;
			buildActionMask = 2147483647;
			files = (
				458C95E81881543200358D9F /* DKNewsViewControllerTests.m in Sources */,
			);
			runOnlyForDeploymentPostprocessing = 0;
		};
/* End PBXSourcesBuildPhase section */

/* Begin PBXTargetDependency section */
		458C95E01881543200358D9F /* PBXTargetDependency */ = {
			isa = PBXTargetDependency;
			target = 458C95BE1881543200358D9F /* DKNewsViewController */;
			targetProxy = 458C95DF1881543200358D9F /* PBXContainerItemProxy */;
		};
/* End PBXTargetDependency section */

/* Begin PBXVariantGroup section */
		458C95CB1881543200358D9F /* InfoPlist.strings */ = {
			isa = PBXVariantGroup;
			children = (
				458C95CC1881543200358D9F /* en */,
			);
			name = InfoPlist.strings;
			sourceTree = "<group>";
		};
		458C95E41881543200358D9F /* InfoPlist.strings */ = {
			isa = PBXVariantGroup;
			children = (
				458C95E51881543200358D9F /* en */,
			);
			name = InfoPlist.strings;
			sourceTree = "<group>";
		};
/* End PBXVariantGroup section */

/* Begin XCBuildConfiguration section */
		458C95E91881543200358D9F /* Debug */ = {
			isa = XCBuildConfiguration;
			buildSettings = {
				ALWAYS_SEARCH_USER_PATHS = NO;
				ARCHS = "$(ARCHS_STANDARD_INCLUDING_64_BIT)";
				CLANG_CXX_LANGUAGE_STANDARD = "gnu++0x";
				CLANG_CXX_LIBRARY = "libc++";
				CLANG_ENABLE_MODULES = YES;
				CLANG_ENABLE_OBJC_ARC = YES;
				CLANG_WARN_BOOL_CONVERSION = YES;
				CLANG_WARN_CONSTANT_CONVERSION = YES;
				CLANG_WARN_DIRECT_OBJC_ISA_USAGE = YES_ERROR;
				CLANG_WARN_EMPTY_BODY = YES;
				CLANG_WARN_ENUM_CONVERSION = YES;
				CLANG_WARN_INT_CONVERSION = YES;
				CLANG_WARN_OBJC_ROOT_CLASS = YES_ERROR;
				CLANG_WARN__DUPLICATE_METHOD_MATCH = YES;
				"CODE_SIGN_IDENTITY[sdk=iphoneos*]" = "iPhone Developer";
				COPY_PHASE_STRIP = NO;
				GCC_C_LANGUAGE_STANDARD = gnu99;
				GCC_DYNAMIC_NO_PIC = NO;
				GCC_OPTIMIZATION_LEVEL = 0;
				GCC_PREPROCESSOR_DEFINITIONS = (
					"DEBUG=1",
					"$(inherited)",
				);
				GCC_SYMBOLS_PRIVATE_EXTERN = NO;
				GCC_WARN_64_TO_32_BIT_CONVERSION = YES;
				GCC_WARN_ABOUT_RETURN_TYPE = YES_ERROR;
				GCC_WARN_UNDECLARED_SELECTOR = YES;
				GCC_WARN_UNINITIALIZED_AUTOS = YES;
				GCC_WARN_UNUSED_FUNCTION = YES;
				GCC_WARN_UNUSED_VARIABLE = YES;
				IPHONEOS_DEPLOYMENT_TARGET = 7.0;
				ONLY_ACTIVE_ARCH = YES;
				SDKROOT = iphoneos;
			};
			name = Debug;
		};
		458C95EA1881543200358D9F /* Release */ = {
			isa = XCBuildConfiguration;
			buildSettings = {
				ALWAYS_SEARCH_USER_PATHS = NO;
				ARCHS = "$(ARCHS_STANDARD_INCLUDING_64_BIT)";
				CLANG_CXX_LANGUAGE_STANDARD = "gnu++0x";
				CLANG_CXX_LIBRARY = "libc++";
				CLANG_ENABLE_MODULES = YES;
				CLANG_ENABLE_OBJC_ARC = YES;
				CLANG_WARN_BOOL_CONVERSION = YES;
				CLANG_WARN_CONSTANT_CONVERSION = YES;
				CLANG_WARN_DIRECT_OBJC_ISA_USAGE = YES_ERROR;
				CLANG_WARN_EMPTY_BODY = YES;
				CLANG_WARN_ENUM_CONVERSION = YES;
				CLANG_WARN_INT_CONVERSION = YES;
				CLANG_WARN_OBJC_ROOT_CLASS = YES_ERROR;
				CLANG_WARN__DUPLICATE_METHOD_MATCH = YES;
				"CODE_SIGN_IDENTITY[sdk=iphoneos*]" = "iPhone Developer";
				COPY_PHASE_STRIP = YES;
				ENABLE_NS_ASSERTIONS = NO;
				GCC_C_LANGUAGE_STANDARD = gnu99;
				GCC_WARN_64_TO_32_BIT_CONVERSION = YES;
				GCC_WARN_ABOUT_RETURN_TYPE = YES_ERROR;
				GCC_WARN_UNDECLARED_SELECTOR = YES;
				GCC_WARN_UNINITIALIZED_AUTOS = YES;
				GCC_WARN_UNUSED_FUNCTION = YES;
				GCC_WARN_UNUSED_VARIABLE = YES;
				IPHONEOS_DEPLOYMENT_TARGET = 7.0;
				SDKROOT = iphoneos;
				VALIDATE_PRODUCT = YES;
			};
			name = Release;
		};
		458C95EC1881543200358D9F /* Debug */ = {
			isa = XCBuildConfiguration;
			buildSettings = {
				ASSETCATALOG_COMPILER_APPICON_NAME = AppIcon;
				ASSETCATALOG_COMPILER_LAUNCHIMAGE_NAME = LaunchImage;
				GCC_PRECOMPILE_PREFIX_HEADER = YES;
				GCC_PREFIX_HEADER = "DKNewsViewController/DKNewsViewController-Prefix.pch";
				INFOPLIST_FILE = "DKNewsViewController/DKNewsViewController-Info.plist";
				PRODUCT_NAME = "$(TARGET_NAME)";
				WRAPPER_EXTENSION = app;
			};
			name = Debug;
		};
		458C95ED1881543200358D9F /* Release */ = {
			isa = XCBuildConfiguration;
			buildSettings = {
				ASSETCATALOG_COMPILER_APPICON_NAME = AppIcon;
				ASSETCATALOG_COMPILER_LAUNCHIMAGE_NAME = LaunchImage;
				GCC_PRECOMPILE_PREFIX_HEADER = YES;
				GCC_PREFIX_HEADER = "DKNewsViewController/DKNewsViewController-Prefix.pch";
				INFOPLIST_FILE = "DKNewsViewController/DKNewsViewController-Info.plist";
				PRODUCT_NAME = "$(TARGET_NAME)";
				WRAPPER_EXTENSION = app;
			};
			name = Release;
		};
		458C95EF1881543200358D9F /* Debug */ = {
			isa = XCBuildConfiguration;
			buildSettings = {
				ARCHS = "$(ARCHS_STANDARD_INCLUDING_64_BIT)";
				BUNDLE_LOADER = "$(BUILT_PRODUCTS_DIR)/DKNewsViewController.app/DKNewsViewController";
				FRAMEWORK_SEARCH_PATHS = (
					"$(SDKROOT)/Developer/Library/Frameworks",
					"$(inherited)",
					"$(DEVELOPER_FRAMEWORKS_DIR)",
				);
				GCC_PRECOMPILE_PREFIX_HEADER = YES;
				GCC_PREFIX_HEADER = "DKNewsViewController/DKNewsViewController-Prefix.pch";
				GCC_PREPROCESSOR_DEFINITIONS = (
					"DEBUG=1",
					"$(inherited)",
				);
				INFOPLIST_FILE = "DKNewsViewControllerTests/DKNewsViewControllerTests-Info.plist";
				PRODUCT_NAME = "$(TARGET_NAME)";
				TEST_HOST = "$(BUNDLE_LOADER)";
				WRAPPER_EXTENSION = xctest;
			};
			name = Debug;
		};
		458C95F01881543200358D9F /* Release */ = {
			isa = XCBuildConfiguration;
			buildSettings = {
				ARCHS = "$(ARCHS_STANDARD_INCLUDING_64_BIT)";
				BUNDLE_LOADER = "$(BUILT_PRODUCTS_DIR)/DKNewsViewController.app/DKNewsViewController";
				FRAMEWORK_SEARCH_PATHS = (
					"$(SDKROOT)/Developer/Library/Frameworks",
					"$(inherited)",
					"$(DEVELOPER_FRAMEWORKS_DIR)",
				);
				GCC_PRECOMPILE_PREFIX_HEADER = YES;
				GCC_PREFIX_HEADER = "DKNewsViewController/DKNewsViewController-Prefix.pch";
				INFOPLIST_FILE = "DKNewsViewControllerTests/DKNewsViewControllerTests-Info.plist";
				PRODUCT_NAME = "$(TARGET_NAME)";
				TEST_HOST = "$(BUNDLE_LOADER)";
				WRAPPER_EXTENSION = xctest;
			};
			name = Release;
		};
/* End XCBuildConfiguration section */

/* Begin XCConfigurationList section */
		458C95BA1881543200358D9F /* Build configuration list for PBXProject "DKNewsViewController" */ = {
			isa = XCConfigurationList;
			buildConfigurations = (
				458C95E91881543200358D9F /* Debug */,
				458C95EA1881543200358D9F /* Release */,
			);
			defaultConfigurationIsVisible = 0;
			defaultConfigurationName = Release;
		};
		458C95EB1881543200358D9F /* Build configuration list for PBXNativeTarget "DKNewsViewController" */ = {
			isa = XCConfigurationList;
			buildConfigurations = (
				458C95EC1881543200358D9F /* Debug */,
				458C95ED1881543200358D9F /* Release */,
			);
			defaultConfigurationIsVisible = 0;
		};
		458C95EE1881543200358D9F /* Build configuration list for PBXNativeTarget "DKNewsViewControllerTests" */ = {
			isa = XCConfigurationList;
			buildConfigurations = (
				458C95EF1881543200358D9F /* Debug */,
				458C95F01881543200358D9F /* Release */,
			);
			defaultConfigurationIsVisible = 0;
		};
/* End XCConfigurationList section */
	};
	rootObject = 458C95B71881543200358D9F /* Project object */;
}
